github.com/carlmjohnson/errutil v0.21.2 h1:Sd8ZNQp6PDopZ23x8N3vwpgnTUKCtYE1bpPzzhQuPS0=
github.com/carlmjohnson/errutil v0.21.2/go.mod h1:t1n46sLob5fpvrJ5706xDg0zOcj2FigYuhAn37qSRec=
github.com/carlmjohnson/flagext v0.21.0 h1:/c4uK3ie786Z7caXLcIMvePNSSiH3bQVGDvmGLMme60=
github.com/carlmjohnson/flagext v0.21.0/go.mod h1:Eenv0epIUAr4NuedNmkzI8WmBmjIxZC239XcKxYS2ac=
